// !$*UTF8*$!
{
	archiveVersion = 1;
	classes = {
	};
	objectVersion = 56;
	objects = {

/* Begin PBXBuildFile section */
		EF80DF692CB43C4A00CE0D39 /* practiceApp.swift in Sources */ = {isa = PBXBuildFile; fileRef = EF80DF682CB43C4A00CE0D39 /* practiceApp.swift */; };
		EF80DF6B2CB43C4A00CE0D39 /* ContentView.swift in Sources */ = {isa = PBXBuildFile; fileRef = EF80DF6A2CB43C4A00CE0D39 /* ContentView.swift */; };
		EF80DF6D2CB43C4B00CE0D39 /* Assets.xcassets in Resources */ = {isa = PBXBuildFile; fileRef = EF80DF6C2CB43C4B00CE0D39 /* Assets.xcassets */; };
		EF80DF702CB43C4B00CE0D39 /* Preview Assets.xcassets in Resources */ = {isa = PBXBuildFile; fileRef = EF80DF6F2CB43C4B00CE0D39 /* Preview Assets.xcassets */; };
		EF80DF7A2CB43C4B00CE0D39 /* practiceTests.swift in Sources */ = {isa = PBXBuildFile; fileRef = EF80DF792CB43C4B00CE0D39 /* practiceTests.swift */; };
		EF80DF842CB43C4B00CE0D39 /* practiceUITests.swift in Sources */ = {isa = PBXBuildFile; fileRef = EF80DF832CB43C4B00CE0D39 /* practiceUITests.swift */; };
		EF80DF862CB43C4B00CE0D39 /* practiceUITestsLaunchTests.swift in Sources */ = {isa = PBXBuildFile; fileRef = EF80DF852CB43C4B00CE0D39 /* practiceUITestsLaunchTests.swift */; };
		EFC7F8362CB4C698009F808A /* logicFunctions.swift in Sources */ = {isa = PBXBuildFile; fileRef = EFC7F8352CB4C698009F808A /* logicFunctions.swift */; };
/* End PBXBuildFile section */

/* Begin PBXContainerItemProxy section */
		EF80DF762CB43C4B00CE0D39 /* PBXContainerItemProxy */ = {
			isa = PBXContainerItemProxy;
			containerPortal = EF80DF5D2CB43C4A00CE0D39 /* Project object */;
			proxyType = 1;
			remoteGlobalIDString = EF80DF642CB43C4A00CE0D39;
			remoteInfo = practice;
		};
		EF80DF802CB43C4B00CE0D39 /* PBXContainerItemProxy */ = {
			isa = PBXContainerItemProxy;
			containerPortal = EF80DF5D2CB43C4A00CE0D39 /* Project object */;
			proxyType = 1;
			remoteGlobalIDString = EF80DF642CB43C4A00CE0D39;
			remoteInfo = practice;
		};
/* End PBXContainerItemProxy section */

/* Begin PBXFileReference section */
		EF80DF652CB43C4A00CE0D39 /* practice.app */ = {isa = PBXFileReference; explicitFileType = wrapper.application; includeInIndex = 0; path = practice.app; sourceTree = BUILT_PRODUCTS_DIR; };
		EF80DF682CB43C4A00CE0D39 /* practiceApp.swift */ = {isa = PBXFileReference; lastKnownFileType = sourcecode.swift; path = practiceApp.swift; sourceTree = "<group>"; };
		EF80DF6A2CB43C4A00CE0D39 /* ContentView.swift */ = {isa = PBXFileReference; lastKnownFileType = sourcecode.swift; path = ContentView.swift; sourceTree = "<group>"; };
		EF80DF6C2CB43C4B00CE0D39 /* Assets.xcassets */ = {isa = PBXFileReference; lastKnownFileType = folder.assetcatalog; path = Assets.xcassets; sourceTree = "<group>"; };
		EF80DF6F2CB43C4B00CE0D39 /* Preview Assets.xcassets */ = {isa = PBXFileReference; lastKnownFileType = folder.assetcatalog; path = "Preview Assets.xcassets"; sourceTree = "<group>"; };
		EF80DF752CB43C4B00CE0D39 /* practiceTests.xctest */ = {isa = PBXFileReference; explicitFileType = wrapper.cfbundle; includeInIndex = 0; path = practiceTests.xctest; sourceTree = BUILT_PRODUCTS_DIR; };
		EF80DF792CB43C4B00CE0D39 /* practiceTests.swift */ = {isa = PBXFileReference; lastKnownFileType = sourcecode.swift; path = practiceTests.swift; sourceTree = "<group>"; };
		EF80DF7F2CB43C4B00CE0D39 /* practiceUITests.xctest */ = {isa = PBXFileReference; explicitFileType = wrapper.cfbundle; includeInIndex = 0; path = practiceUITests.xctest; sourceTree = BUILT_PRODUCTS_DIR; };
		EF80DF832CB43C4B00CE0D39 /* practiceUITests.swift */ = {isa = PBXFileReference; lastKnownFileType = sourcecode.swift; path = practiceUITests.swift; sourceTree = "<group>"; };
		EF80DF852CB43C4B00CE0D39 /* practiceUITestsLaunchTests.swift */ = {isa = PBXFileReference; lastKnownFileType = sourcecode.swift; path = practiceUITestsLaunchTests.swift; sourceTree = "<group>"; };
		EFC7F8352CB4C698009F808A /* logicFunctions.swift */ = {isa = PBXFileReference; lastKnownFileType = sourcecode.swift; path = logicFunctions.swift; sourceTree = "<group>"; };
/* End PBXFileReference section */

/* Begin PBXFrameworksBuildPhase section */
		EF80DF622CB43C4A00CE0D39 /* Frameworks */ = {
			isa = PBXFrameworksBuildPhase;
			buildActionMask = 2147483647;
			files = (
			);
			runOnlyForDeploymentPostprocessing = 0;
		};
		EF80DF722CB43C4B00CE0D39 /* Frameworks */ = {
			isa = PBXFrameworksBuildPhase;
			buildActionMask = 2147483647;
			files = (
			);
			runOnlyForDeploymentPostprocessing = 0;
		};
		EF80DF7C2CB43C4B00CE0D39 /* Frameworks */ = {
			isa = PBXFrameworksBuildPhase;
			buildActionMask = 2147483647;
			files = (
			);
			runOnlyForDeploymentPostprocessing = 0;
		};
/* End PBXFrameworksBuildPhase section */

/* Begin PBXGroup section */
		EF80DF5C2CB43C4A00CE0D39 = {
			isa = PBXGroup;
			children = (
				EF80DF672CB43C4A00CE0D39 /* practice */,
				EF80DF782CB43C4B00CE0D39 /* practiceTests */,
				EF80DF822CB43C4B00CE0D39 /* practiceUITests */,
				EF80DF662CB43C4A00CE0D39 /* Products */,
			);
			sourceTree = "<group>";
		};
		EF80DF662CB43C4A00CE0D39 /* Products */ = {
			isa = PBXGroup;
			children = (
				EF80DF652CB43C4A00CE0D39 /* practice.app */,
				EF80DF752CB43C4B00CE0D39 /* practiceTests.xctest */,
				EF80DF7F2CB43C4B00CE0D39 /* practiceUITests.xctest */,
			);
			name = Products;
			sourceTree = "<group>";
		};
		EF80DF672CB43C4A00CE0D39 /* practice */ = {
			isa = PBXGroup;
			children = (
				EF80DF682CB43C4A00CE0D39 /* practiceApp.swift */,
				EF80DF6A2CB43C4A00CE0D39 /* ContentView.swift */,
				EF80DF6C2CB43C4B00CE0D39 /* Assets.xcassets */,
				EF80DF6E2CB43C4B00CE0D39 /* Preview Content */,
				EFC7F8352CB4C698009F808A /* logicFunctions.swift */,
			);
			path = practice;
			sourceTree = "<group>";
		};
		EF80DF6E2CB43C4B00CE0D39 /* Preview Content */ = {
			isa = PBXGroup;
			children = (
				EF80DF6F2CB43C4B00CE0D39 /* Preview Assets.xcassets */,
			);
			path = "Preview Content";
			sourceTree = "<group>";
		};
		EF80DF782CB43C4B00CE0D39 /* practiceTests */ = {
			isa = PBXGroup;
			children = (
				EF80DF792CB43C4B00CE0D39 /* practiceTests.swift */,
			);
			path = practiceTests;
			sourceTree = "<group>";
		};
		EF80DF822CB43C4B00CE0D39 /* practiceUITests */ = {
			isa = PBXGroup;
			children = (
				EF80DF832CB43C4B00CE0D39 /* practiceUITests.swift */,
				EF80DF852CB43C4B00CE0D39 /* practiceUITestsLaunchTests.swift */,
			);
			path = practiceUITests;
			sourceTree = "<group>";
		};
/* End PBXGroup section */

/* Begin PBXNativeTarget section */
		EF80DF642CB43C4A00CE0D39 /* practice */ = {
			isa = PBXNativeTarget;
			buildConfigurationList = EF80DF892CB43C4B00CE0D39 /* Build configuration list for PBXNativeTarget "practice" */;
			buildPhases = (
				EF80DF612CB43C4A00CE0D39 /* Sources */,
				EF80DF622CB43C4A00CE0D39 /* Frameworks */,
				EF80DF632CB43C4A00CE0D39 /* Resources */,
			);
			buildRules = (
			);
			dependencies = (
			);
			name = practice;
			productName = practice;
			productReference = EF80DF652CB43C4A00CE0D39 /* practice.app */;
			productType = "com.apple.product-type.application";
		};
		EF80DF742CB43C4B00CE0D39 /* practiceTests */ = {
			isa = PBXNativeTarget;
			buildConfigurationList = EF80DF8C2CB43C4B00CE0D39 /* Build configuration list for PBXNativeTarget "practiceTests" */;
			buildPhases = (
				EF80DF712CB43C4B00CE0D39 /* Sources */,
				EF80DF722CB43C4B00CE0D39 /* Frameworks */,
				EF80DF732CB43C4B00CE0D39 /* Resources */,
			);
			buildRules = (
			);
			dependencies = (
				EF80DF772CB43C4B00CE0D39 /* PBXTargetDependency */,
			);
			name = practiceTests;
			productName = practiceTests;
			productReference = EF80DF752CB43C4B00CE0D39 /* practiceTests.xctest */;
			productType = "com.apple.product-type.bundle.unit-test";
		};
		EF80DF7E2CB43C4B00CE0D39 /* practiceUITests */ = {
			isa = PBXNativeTarget;
			buildConfigurationList = EF80DF8F2CB43C4B00CE0D39 /* Build configuration list for PBXNativeTarget "practiceUITests" */;
			buildPhases = (
				EF80DF7B2CB43C4B00CE0D39 /* Sources */,
				EF80DF7C2CB43C4B00CE0D39 /* Frameworks */,
				EF80DF7D2CB43C4B00CE0D39 /* Resources */,
			);
			buildRules = (
			);
			dependencies = (
				EF80DF812CB43C4B00CE0D39 /* PBXTargetDependency */,
			);
			name = practiceUITests;
			productName = practiceUITests;
			productReference = EF80DF7F2CB43C4B00CE0D39 /* practiceUITests.xctest */;
			productType = "com.apple.product-type.bundle.ui-testing";
		};
/* End PBXNativeTarget section */

/* Begin PBXProject section */
		EF80DF5D2CB43C4A00CE0D39 /* Project object */ = {
			isa = PBXProject;
			attributes = {
				BuildIndependentTargetsInParallel = 1;
				LastSwiftUpdateCheck = 1540;
				LastUpgradeCheck = 1540;
				TargetAttributes = {
					EF80DF642CB43C4A00CE0D39 = {
						CreatedOnToolsVersion = 15.4;
					};
					EF80DF742CB43C4B00CE0D39 = {
						CreatedOnToolsVersion = 15.4;
						TestTargetID = EF80DF642CB43C4A00CE0D39;
					};
					EF80DF7E2CB43C4B00CE0D39 = {
						CreatedOnToolsVersion = 15.4;
						TestTargetID = EF80DF642CB43C4A00CE0D39;
					};
				};
			};
			buildConfigurationList = EF80DF602CB43C4A00CE0D39 /* Build configuration list for PBXProject "practice" */;
			compatibilityVersion = "Xcode 14.0";
			developmentRegion = en;
			hasScannedForEncodings = 0;
			knownRegions = (
				en,
				Base,
			);
			mainGroup = EF80DF5C2CB43C4A00CE0D39;
			productRefGroup = EF80DF662CB43C4A00CE0D39 /* Products */;
			projectDirPath = "";
			projectRoot = "";
			targets = (
				EF80DF642CB43C4A00CE0D39 /* practice */,
				EF80DF742CB43C4B00CE0D39 /* practiceTests */,
				EF80DF7E2CB43C4B00CE0D39 /* practiceUITests */,
			);
		};
/* End PBXProject section */

/* Begin PBXResourcesBuildPhase section */
		EF80DF632CB43C4A00CE0D39 /* Resources */ = {
			isa = PBXResourcesBuildPhase;
			buildActionMask = 2147483647;
			files = (
				EF80DF702CB43C4B00CE0D39 /* Preview Assets.xcassets in Resources */,
				EF80DF6D2CB43C4B00CE0D39 /* Assets.xcassets in Resources */,
			);
			runOnlyForDeploymentPostprocessing = 0;
		};
		EF80DF732CB43C4B00CE0D39 /* Resources */ = {
			isa = PBXResourcesBuildPhase;
			buildActionMask = 2147483647;
			files = (
			);
			runOnlyForDeploymentPostprocessing = 0;
		};
		EF80DF7D2CB43C4B00CE0D39 /* Resources */ = {
			isa = PBXResourcesBuildPhase;
			buildActionMask = 2147483647;
			files = (
			);
			runOnlyForDeploymentPostprocessing = 0;
		};
/* End PBXResourcesBuildPhase section */

/* Begin PBXSourcesBuildPhase section */
		EF80DF612CB43C4A00CE0D39 /* Sources */ = {
			isa = PBXSourcesBuildPhase;
			buildActionMask = 2147483647;
			files = (
				EFC7F8362CB4C698009F808A /* logicFunctions.swift in Sources */,
				EF80DF6B2CB43C4A00CE0D39 /* ContentView.swift in Sources */,
				EF80DF692CB43C4A00CE0D39 /* practiceApp.swift in Sources */,
			);
			runOnlyForDeploymentPostprocessing = 0;
		};
		EF80DF712CB43C4B00CE0D39 /* Sources */ = {
			isa = PBXSourcesBuildPhase;
			buildActionMask = 2147483647;
			files = (
				EF80DF7A2CB43C4B00CE0D39 /* practiceTests.swift in Sources */,
			);
			runOnlyForDeploymentPostprocessing = 0;
		};
		EF80DF7B2CB43C4B00CE0D39 /* Sources */ = {
			isa = PBXSourcesBuildPhase;
			buildActionMask = 2147483647;
			files = (
				EF80DF862CB43C4B00CE0D39 /* practiceUITestsLaunchTests.swift in Sources */,
				EF80DF842CB43C4B00CE0D39 /* practiceUITests.swift in Sources */,
			);
			runOnlyForDeploymentPostprocessing = 0;
		};
/* End PBXSourcesBuildPhase section */

/* Begin PBXTargetDependency section */
		EF80DF772CB43C4B00CE0D39 /* PBXTargetDependency */ = {
			isa = PBXTargetDependency;
			target = EF80DF642CB43C4A00CE0D39 /* practice */;
			targetProxy = EF80DF762CB43C4B00CE0D39 /* PBXContainerItemProxy */;
		};
		EF80DF812CB43C4B00CE0D39 /* PBXTargetDependency */ = {
			isa = PBXTargetDependency;
			target = EF80DF642CB43C4A00CE0D39 /* practice */;
			targetProxy = EF80DF802CB43C4B00CE0D39 /* PBXContainerItemProxy */;
		};
/* End PBXTargetDependency section */

/* Begin XCBuildConfiguration section */
		EF80DF872CB43C4B00CE0D39 /* Debug */ = {
			isa = XCBuildConfiguration;
			buildSettings = {
				ALWAYS_SEARCH_USER_PATHS = NO;
				ASSETCATALOG_COMPILER_GENERATE_SWIFT_ASSET_SYMBOL_EXTENSIONS = YES;
				CLANG_ANALYZER_NONNULL = YES;
				CLANG_ANALYZER_NUMBER_OBJECT_CONVERSION = YES_AGGRESSIVE;
				CLANG_CXX_LANGUAGE_STANDARD = "gnu++20";
				CLANG_ENABLE_MODULES = YES;
				CLANG_ENABLE_OBJC_ARC = YES;
				CLANG_ENABLE_OBJC_WEAK = YES;
				CLANG_WARN_BLOCK_CAPTURE_AUTORELEASING = YES;
				CLANG_WARN_BOOL_CONVERSION = YES;
				CLANG_WARN_COMMA = YES;
				CLANG_WARN_CONSTANT_CONVERSION = YES;
				CLANG_WARN_DEPRECATED_OBJC_IMPLEMENTATIONS = YES;
				CLANG_WARN_DIRECT_OBJC_ISA_USAGE = YES_ERROR;
				CLANG_WARN_DOCUMENTATION_COMMENTS = YES;
				CLANG_WARN_EMPTY_BODY = YES;
				CLANG_WARN_ENUM_CONVERSION = YES;
				CLANG_WARN_INFINITE_RECURSION = YES;
				CLANG_WARN_INT_CONVERSION = YES;
				CLANG_WARN_NON_LITERAL_NULL_CONVERSION = YES;
				CLANG_WARN_OBJC_IMPLICIT_RETAIN_SELF = YES;
				CLANG_WARN_OBJC_LITERAL_CONVERSION = YES;
				CLANG_WARN_OBJC_ROOT_CLASS = YES_ERROR;
				CLANG_WARN_QUOTED_INCLUDE_IN_FRAMEWORK_HEADER = YES;
				CLANG_WARN_RANGE_LOOP_ANALYSIS = YES;
				CLANG_WARN_STRICT_PROTOTYPES = YES;
				CLANG_WARN_SUSPICIOUS_MOVE = YES;
				CLANG_WARN_UNGUARDED_AVAILABILITY = YES_AGGRESSIVE;
				CLANG_WARN_UNREACHABLE_CODE = YES;
				CLANG_WARN__DUPLICATE_METHOD_MATCH = YES;
				COPY_PHASE_STRIP = NO;
				DEBUG_INFORMATION_FORMAT = dwarf;
				ENABLE_STRICT_OBJC_MSGSEND = YES;
				ENABLE_TESTABILITY = YES;
				ENABLE_USER_SCRIPT_SANDBOXING = YES;
				GCC_C_LANGUAGE_STANDARD = gnu17;
				GCC_DYNAMIC_NO_PIC = NO;
				GCC_NO_COMMON_BLOCKS = YES;
				GCC_OPTIMIZATION_LEVEL = 0;
				GCC_PREPROCESSOR_DEFINITIONS = (
					"DEBUG=1",
					"$(inherited)",
				);
				GCC_WARN_64_TO_32_BIT_CONVERSION = YES;
				GCC_WARN_ABOUT_RETURN_TYPE = YES_ERROR;
				GCC_WARN_UNDECLARED_SELECTOR = YES;
				GCC_WARN_UNINITIALIZED_AUTOS = YES_AGGRESSIVE;
				GCC_WARN_UNUSED_FUNCTION = YES;
				GCC_WARN_UNUSED_VARIABLE = YES;
				IPHONEOS_DEPLOYMENT_TARGET = 17.5;
				LOCALIZATION_PREFERS_STRING_CATALOGS = YES;
				MTL_ENABLE_DEBUG_INFO = INCLUDE_SOURCE;
				MTL_FAST_MATH = YES;
				ONLY_ACTIVE_ARCH = YES;
				SDKROOT = iphoneos;
				SWIFT_ACTIVE_COMPILATION_CONDITIONS = "DEBUG $(inherited)";
				SWIFT_OPTIMIZATION_LEVEL = "-Onone";
			};
			name = Debug;
		};
		EF80DF882CB43C4B00CE0D39 /* Release */ = {
			isa = XCBuildConfiguration;
			buildSettings = {
				ALWAYS_SEARCH_USER_PATHS = NO;
				ASSETCATALOG_COMPILER_GENERATE_SWIFT_ASSET_SYMBOL_EXTENSIONS = YES;
				CLANG_ANALYZER_NONNULL = YES;
				CLANG_ANALYZER_NUMBER_OBJECT_CONVERSION = YES_AGGRESSIVE;
				CLANG_CXX_LANGUAGE_STANDARD = "gnu++20";
				CLANG_ENABLE_MODULES = YES;
				CLANG_ENABLE_OBJC_ARC = YES;
				CLANG_ENABLE_OBJC_WEAK = YES;
				CLANG_WARN_BLOCK_CAPTURE_AUTORELEASING = YES;
				CLANG_WARN_BOOL_CONVERSION = YES;
				CLANG_WARN_COMMA = YES;
				CLANG_WARN_CONSTANT_CONVERSION = YES;
				CLANG_WARN_DEPRECATED_OBJC_IMPLEMENTATIONS = YES;
				CLANG_WARN_DIRECT_OBJC_ISA_USAGE = YES_ERROR;
				CLANG_WARN_DOCUMENTATION_COMMENTS = YES;
				CLANG_WARN_EMPTY_BODY = YES;
				CLANG_WARN_ENUM_CONVERSION = YES;
				CLANG_WARN_INFINITE_RECURSION = YES;
				CLANG_WARN_INT_CONVERSION = YES;
				CLANG_WARN_NON_LITERAL_NULL_CONVERSION = YES;
				CLANG_WARN_OBJC_IMPLICIT_RETAIN_SELF = YES;
				CLANG_WARN_OBJC_LITERAL_CONVERSION = YES;
				CLANG_WARN_OBJC_ROOT_CLASS = YES_ERROR;
				CLANG_WARN_QUOTED_INCLUDE_IN_FRAMEWORK_HEADER = YES;
				CLANG_WARN_RANGE_LOOP_ANALYSIS = YES;
				CLANG_WARN_STRICT_PROTOTYPES = YES;
				CLANG_WARN_SUSPICIOUS_MOVE = YES;
				CLANG_WARN_UNGUARDED_AVAILABILITY = YES_AGGRESSIVE;
				CLANG_WARN_UNREACHABLE_CODE = YES;
				CLANG_WARN__DUPLICATE_METHOD_MATCH = YES;
				COPY_PHASE_STRIP = NO;
				DEBUG_INFORMATION_FORMAT = "dwarf-with-dsym";
				ENABLE_NS_ASSERTIONS = NO;
				ENABLE_STRICT_OBJC_MSGSEND = YES;
				ENABLE_USER_SCRIPT_SANDBOXING = YES;
				GCC_C_LANGUAGE_STANDARD = gnu17;
				GCC_NO_COMMON_BLOCKS = YES;
				GCC_WARN_64_TO_32_BIT_CONVERSION = YES;
				GCC_WARN_ABOUT_RETURN_TYPE = YES_ERROR;
				GCC_WARN_UNDECLARED_SELECTOR = YES;
				GCC_WARN_UNINITIALIZED_AUTOS = YES_AGGRESSIVE;
				GCC_WARN_UNUSED_FUNCTION = YES;
				GCC_WARN_UNUSED_VARIABLE = YES;
				IPHONEOS_DEPLOYMENT_TARGET = 17.5;
				LOCALIZATION_PREFERS_STRING_CATALOGS = YES;
				MTL_ENABLE_DEBUG_INFO = NO;
				MTL_FAST_MATH = YES;
				SDKROOT = iphoneos;
				SWIFT_COMPILATION_MODE = wholemodule;
				VALIDATE_PRODUCT = YES;
			};
			name = Release;
		};
		EF80DF8A2CB43C4B00CE0D39 /* Debug */ = {
			isa = XCBuildConfiguration;
			buildSettings = {
				ASSETCATALOG_COMPILER_APPICON_NAME = AppIcon;
				ASSETCATALOG_COMPILER_GLOBAL_ACCENT_COLOR_NAME = AccentColor;
				CODE_SIGN_STYLE = Automatic;
				CURRENT_PROJECT_VERSION = 1;
				DEVELOPMENT_ASSET_PATHS = "\"practice/Preview Content\"";
				ENABLE_PREVIEWS = YES;
				GENERATE_INFOPLIST_FILE = YES;
				INFOPLIST_KEY_UIApplicationSceneManifest_Generation = YES;
				INFOPLIST_KEY_UIApplicationSupportsIndirectInputEvents = YES;
				INFOPLIST_KEY_UILaunchScreen_Generation = YES;
				INFOPLIST_KEY_UISupportedInterfaceOrientations_iPad = "UIInterfaceOrientationPortrait UIInterfaceOrientationPortraitUpsideDown UIInterfaceOrientationLandscapeLeft UIInterfaceOrientationLandscapeRight";
				INFOPLIST_KEY_UISupportedInterfaceOrientations_iPhone = "UIInterfaceOrientationPortrait UIInterfaceOrientationLandscapeLeft UIInterfaceOrientationLandscapeRight";
				LD_RUNPATH_SEARCH_PATHS = (
					"$(inherited)",
					"@executable_path/Frameworks",
				);
				MARKETING_VERSION = 1.0;
				PRODUCT_BUNDLE_IDENTIFIER = com.innovabyte.practice;
				PRODUCT_NAME = "$(TARGET_NAME)";
				SWIFT_EMIT_LOC_STRINGS = YES;
				SWIFT_VERSION = 5.0;
				TARGETED_DEVICE_FAMILY = "1,2";
			};
			name = Debug;
		};
		EF80DF8B2CB43C4B00CE0D39 /* Release */ = {
			isa = XCBuildConfiguration;
			buildSettings = {
				ASSETCATALOG_COMPILER_APPICON_NAME = AppIcon;
				ASSETCATALOG_COMPILER_GLOBAL_ACCENT_COLOR_NAME = AccentColor;
				CODE_SIGN_STYLE = Automatic;
				CURRENT_PROJECT_VERSION = 1;
				DEVELOPMENT_ASSET_PATHS = "\"practice/Preview Content\"";
				ENABLE_PREVIEWS = YES;
				GENERATE_INFOPLIST_FILE = YES;
				INFOPLIST_KEY_UIApplicationSceneManifest_Generation = YES;
				INFOPLIST_KEY_UIApplicationSupportsIndirectInputEvents = YES;
				INFOPLIST_KEY_UILaunchScreen_Generation = YES;
				INFOPLIST_KEY_UISupportedInterfaceOrientations_iPad = "UIInterfaceOrientationPortrait UIInterfaceOrientationPortraitUpsideDown UIInterfaceOrientationLandscapeLeft UIInterfaceOrientationLandscapeRight";
				INFOPLIST_KEY_UISupportedInterfaceOrientations_iPhone = "UIInterfaceOrientationPortrait UIInterfaceOrientationLandscapeLeft UIInterfaceOrientationLandscapeRight";
				LD_RUNPATH_SEARCH_PATHS = (
					"$(inherited)",
					"@executable_path/Frameworks",
				);
				MARKETING_VERSION = 1.0;
				PRODUCT_BUNDLE_IDENTIFIER = com.innovabyte.practice;
				PRODUCT_NAME = "$(TARGET_NAME)";
				SWIFT_EMIT_LOC_STRINGS = YES;
				SWIFT_VERSION = 5.0;
				TARGETED_DEVICE_FAMILY = "1,2";
			};
			name = Release;
		};
		EF80DF8D2CB43C4B00CE0D39 /* Debug */ = {
			isa = XCBuildConfiguration;
			buildSettings = {
				ALWAYS_EMBED_SWIFT_STANDARD_LIBRARIES = YES;
				BUNDLE_LOADER = "$(TEST_HOST)";
				CODE_SIGN_STYLE = Automatic;
				CURRENT_PROJECT_VERSION = 1;
				GENERATE_INFOPLIST_FILE = YES;
				IPHONEOS_DEPLOYMENT_TARGET = 17.5;
				MARKETING_VERSION = 1.0;
				PRODUCT_BUNDLE_IDENTIFIER = com.innovabyte.practiceTests;
				PRODUCT_NAME = "$(TARGET_NAME)";
				SWIFT_EMIT_LOC_STRINGS = NO;
				SWIFT_VERSION = 5.0;
				TARGETED_DEVICE_FAMILY = "1,2";
				TEST_HOST = "$(BUILT_PRODUCTS_DIR)/practice.app/$(BUNDLE_EXECUTABLE_FOLDER_PATH)/practice";
			};
			name = Debug;
		};
		EF80DF8E2CB43C4B00CE0D39 /* Release */ = {
			isa = XCBuildConfiguration;
			buildSettings = {
				ALWAYS_EMBED_SWIFT_STANDARD_LIBRARIES = YES;
				BUNDLE_LOADER = "$(TEST_HOST)";
				CODE_SIGN_STYLE = Automatic;
				CURRENT_PROJECT_VERSION = 1;
				GENERATE_INFOPLIST_FILE = YES;
				IPHONEOS_DEPLOYMENT_TARGET = 17.5;
				MARKETING_VERSION = 1.0;
				PRODUCT_BUNDLE_IDENTIFIER = com.innovabyte.practiceTests;
				PRODUCT_NAME = "$(TARGET_NAME)";
				SWIFT_EMIT_LOC_STRINGS = NO;
				SWIFT_VERSION = 5.0;
				TARGETED_DEVICE_FAMILY = "1,2";
				TEST_HOST = "$(BUILT_PRODUCTS_DIR)/practice.app/$(BUNDLE_EXECUTABLE_FOLDER_PATH)/practice";
			};
			name = Release;
		};
		EF80DF902CB43C4B00CE0D39 /* Debug */ = {
			isa = XCBuildConfiguration;
			buildSettings = {
				ALWAYS_EMBED_SWIFT_STANDARD_LIBRARIES = YES;
				CODE_SIGN_STYLE = Automatic;
				CURRENT_PROJECT_VERSION = 1;
				GENERATE_INFOPLIST_FILE = YES;
				MARKETING_VERSION = 1.0;
				PRODUCT_BUNDLE_IDENTIFIER = com.innovabyte.practiceUITests;
				PRODUCT_NAME = "$(TARGET_NAME)";
				SWIFT_EMIT_LOC_STRINGS = NO;
				SWIFT_VERSION = 5.0;
				TARGETED_DEVICE_FAMILY = "1,2";
				TEST_TARGET_NAME = practice;
			};
			name = Debug;
		};
		EF80DF912CB43C4B00CE0D39 /* Release */ = {
			isa = XCBuildConfiguration;
			buildSettings = {
				ALWAYS_EMBED_SWIFT_STANDARD_LIBRARIES = YES;
				CODE_SIGN_STYLE = Automatic;
				CURRENT_PROJECT_VERSION = 1;
				GENERATE_INFOPLIST_FILE = YES;
				MARKETING_VERSION = 1.0;
				PRODUCT_BUNDLE_IDENTIFIER = com.innovabyte.practiceUITests;
				PRODUCT_NAME = "$(TARGET_NAME)";
				SWIFT_EMIT_LOC_STRINGS = NO;
				SWIFT_VERSION = 5.0;
				TARGETED_DEVICE_FAMILY = "1,2";
				TEST_TARGET_NAME = practice;
			};
			name = Release;
		};
/* End XCBuildConfiguration section */

/* Begin XCConfigurationList section */
		EF80DF602CB43C4A00CE0D39 /* Build configuration list for PBXProject "practice" */ = {
			isa = XCConfigurationList;
			buildConfigurations = (
				EF80DF872CB43C4B00CE0D39 /* Debug */,
				EF80DF882CB43C4B00CE0D39 /* Release */,
			);
			defaultConfigurationIsVisible = 0;
			defaultConfigurationName = Release;
		};
		EF80DF892CB43C4B00CE0D39 /* Build configuration list for PBXNativeTarget "practice" */ = {
			isa = XCConfigurationList;
			buildConfigurations = (
				EF80DF8A2CB43C4B00CE0D39 /* Debug */,
				EF80DF8B2CB43C4B00CE0D39 /* Release */,
			);
			defaultConfigurationIsVisible = 0;
			defaultConfigurationName = Release;
		};
		EF80DF8C2CB43C4B00CE0D39 /* Build configuration list for PBXNativeTarget "practiceTests" */ = {
			isa = XCConfigurationList;
			buildConfigurations = (
				EF80DF8D2CB43C4B00CE0D39 /* Debug */,
				EF80DF8E2CB43C4B00CE0D39 /* Release */,
			);
			defaultConfigurationIsVisible = 0;
			defaultConfigurationName = Release;
		};
		EF80DF8F2CB43C4B00CE0D39 /* Build configuration list for PBXNativeTarget "practiceUITests" */ = {
			isa = XCConfigurationList;
			buildConfigurations = (
				EF80DF902CB43C4B00CE0D39 /* Debug */,
				EF80DF912CB43C4B00CE0D39 /* Release */,
			);
			defaultConfigurationIsVisible = 0;
			defaultConfigurationName = Release;
		};
/* End XCConfigurationList section */
	};
	rootObject = EF80DF5D2CB43C4A00CE0D39 /* Project object */;
}
